
Microsoft Visual Studio Solution File, Format Version 12.00
# Visual Studio 15
VisualStudioVersion = 15.0.27130.2010
MinimumVisualStudioVersion = 10.0.40219.1
Project("{FAE04EC0-301F-11D3-BF4B-00C04F79EFBC}") = "TGRecover", "TGRecover\TGRecover.csproj", "{32156D5C-F002-441D-ABAD-BB1DB675064C}"
EndProject
Project("{FAE04EC0-301F-11D3-BF4B-00C04F79EFBC}") = "Recover", "Recover\Recover.csproj", "{FEB0F39D-BACE-444A-B4AC-7F91DCDBE83B}"
EndProject
Global
	GlobalSection(SolutionConfigurationPlatforms) = preSolution
		Debug|Any CPU = Debug|Any CPU
		Release|Any CPU = Release|Any CPU
	EndGlobalSection
	GlobalSection(ProjectConfigurationPlatforms) = postSolution
		{32156D5C-F002-441D-ABAD-BB1DB675064C}.Debug|Any CPU.ActiveCfg = Debug|Any CPU
		{32156D5C-F002-441D-ABAD-BB1DB675064C}.Debug|Any CPU.Build.0 = Debug|Any CPU
		{32156D5C-F002-441D-ABAD-BB1DB675064C}.Release|Any CPU.ActiveCfg = Release|Any CPU
		{32156D5C-F002-441D-ABAD-BB1DB675064C}.Release|Any CPU.Build.0 = Release|Any CPU
		{FEB0F39D-BACE-444A-B4AC-7F91DCDBE83B}.Debug|Any CPU.ActiveCfg = Debug|Any CPU
		{FEB0F39D-BACE-444A-B4AC-7F91DCDBE83B}.Debug|Any CPU.Build.0 = Debug|Any CPU
		{FEB0F39D-BACE-444A-B4AC-7F91DCDBE83B}.Release|Any CPU.ActiveCfg = Release|Any CPU
		{FEB0F39D-BACE-444A-B4AC-7F91DCDBE83B}.Release|Any CPU.Build.0 = Release|Any CPU
	EndGlobalSection
	GlobalSection(SolutionProperties) = preSolution
		HideSolutionNode = FALSE
	EndGlobalSection
	GlobalSection(ExtensibilityGlobals) = postSolution
		SolutionGuid = {D994DC9A-4E04-400A-9567-BB667A230617}
	EndGlobalSection
EndGlobal
